// !$*UTF8*$!
{
	archiveVersion = 1;
	classes = {
	};
	objectVersion = 56;
	objects = {

/* Begin PBXBuildFile section */
		D3063B4D2C174AB000DD1623 /* HomeView.swift in Sources */ = {isa = PBXBuildFile; fileRef = D3063B4C2C174AB000DD1623 /* HomeView.swift */; };
		D3063B4F2C174AC100DD1623 /* StoryView.swift in Sources */ = {isa = PBXBuildFile; fileRef = D3063B4E2C174AC100DD1623 /* StoryView.swift */; };
		D3063B512C174AF500DD1623 /* FavoritesView.swift in Sources */ = {isa = PBXBuildFile; fileRef = D3063B502C174AF500DD1623 /* FavoritesView.swift */; };
		D3063B532C174B2200DD1623 /* FunFactsView.swift in Sources */ = {isa = PBXBuildFile; fileRef = D3063B522C174B2200DD1623 /* FunFactsView.swift */; };
		D3063B552C174B6000DD1623 /* Data.swift in Sources */ = {isa = PBXBuildFile; fileRef = D3063B542C174B6000DD1623 /* Data.swift */; };
		D3B292E92C16102A00E28DCC /* About_MeApp.swift in Sources */ = {isa = PBXBuildFile; fileRef = D3B292E82C16102A00E28DCC /* About_MeApp.swift */; };
		D3B292EB2C16102A00E28DCC /* ContentView.swift in Sources */ = {isa = PBXBuildFile; fileRef = D3B292EA2C16102A00E28DCC /* ContentView.swift */; };
		D3B292ED2C16102B00E28DCC /* Assets.xcassets in Resources */ = {isa = PBXBuildFile; fileRef = D3B292EC2C16102B00E28DCC /* Assets.xcassets */; };
		D3B292F02C16102B00E28DCC /* Preview Assets.xcassets in Resources */ = {isa = PBXBuildFile; fileRef = D3B292EF2C16102B00E28DCC /* Preview Assets.xcassets */; };
		D3B292FA2C16102B00E28DCC /* About_MeTests.swift in Sources */ = {isa = PBXBuildFile; fileRef = D3B292F92C16102B00E28DCC /* About_MeTests.swift */; };
		D3B293042C16102B00E28DCC /* About_MeUITests.swift in Sources */ = {isa = PBXBuildFile; fileRef = D3B293032C16102B00E28DCC /* About_MeUITests.swift */; };
		D3B293062C16102B00E28DCC /* About_MeUITestsLaunchTests.swift in Sources */ = {isa = PBXBuildFile; fileRef = D3B293052C16102B00E28DCC /* About_MeUITestsLaunchTests.swift */; };
/* End PBXBuildFile section */

/* Begin PBXContainerItemProxy section */
		D3B292F62C16102B00E28DCC /* PBXContainerItemProxy */ = {
			isa = PBXContainerItemProxy;
			containerPortal = D3B292DD2C16102A00E28DCC /* Project object */;
			proxyType = 1;
			remoteGlobalIDString = D3B292E42C16102A00E28DCC;
			remoteInfo = "About Me";
		};
		D3B293002C16102B00E28DCC /* PBXContainerItemProxy */ = {
			isa = PBXContainerItemProxy;
			containerPortal = D3B292DD2C16102A00E28DCC /* Project object */;
			proxyType = 1;
			remoteGlobalIDString = D3B292E42C16102A00E28DCC;
			remoteInfo = "About Me";
		};
/* End PBXContainerItemProxy section */

/* Begin PBXFileReference section */
		D3063B4C2C174AB000DD1623 /* HomeView.swift */ = {isa = PBXFileReference; lastKnownFileType = sourcecode.swift; path = HomeView.swift; sourceTree = "<group>"; };
		D3063B4E2C174AC100DD1623 /* StoryView.swift */ = {isa = PBXFileReference; lastKnownFileType = sourcecode.swift; path = StoryView.swift; sourceTree = "<group>"; };
		D3063B502C174AF500DD1623 /* FavoritesView.swift */ = {isa = PBXFileReference; lastKnownFileType = sourcecode.swift; path = FavoritesView.swift; sourceTree = "<group>"; };
		D3063B522C174B2200DD1623 /* FunFactsView.swift */ = {isa = PBXFileReference; lastKnownFileType = sourcecode.swift; path = FunFactsView.swift; sourceTree = "<group>"; };
		D3063B542C174B6000DD1623 /* Data.swift */ = {isa = PBXFileReference; lastKnownFileType = sourcecode.swift; path = Data.swift; sourceTree = "<group>"; };
		D3B292E52C16102A00E28DCC /* About Me.app */ = {isa = PBXFileReference; explicitFileType = wrapper.application; includeInIndex = 0; path = "About Me.app"; sourceTree = BUILT_PRODUCTS_DIR; };
		D3B292E82C16102A00E28DCC /* About_MeApp.swift */ = {isa = PBXFileReference; lastKnownFileType = sourcecode.swift; path = About_MeApp.swift; sourceTree = "<group>"; };
		D3B292EA2C16102A00E28DCC /* ContentView.swift */ = {isa = PBXFileReference; lastKnownFileType = sourcecode.swift; path = ContentView.swift; sourceTree = "<group>"; };
		D3B292EC2C16102B00E28DCC /* Assets.xcassets */ = {isa = PBXFileReference; lastKnownFileType = folder.assetcatalog; path = Assets.xcassets; sourceTree = "<group>"; };
		D3B292EF2C16102B00E28DCC /* Preview Assets.xcassets */ = {isa = PBXFileReference; lastKnownFileType = folder.assetcatalog; path = "Preview Assets.xcassets"; sourceTree = "<group>"; };
		D3B292F52C16102B00E28DCC /* About MeTests.xctest */ = {isa = PBXFileReference; explicitFileType = wrapper.cfbundle; includeInIndex = 0; path = "About MeTests.xctest"; sourceTree = BUILT_PRODUCTS_DIR; };
		D3B292F92C16102B00E28DCC /* About_MeTests.swift */ = {isa = PBXFileReference; lastKnownFileType = sourcecode.swift; path = About_MeTests.swift; sourceTree = "<group>"; };
		D3B292FF2C16102B00E28DCC /* About MeUITests.xctest */ = {isa = PBXFileReference; explicitFileType = wrapper.cfbundle; includeInIndex = 0; path = "About MeUITests.xctest"; sourceTree = BUILT_PRODUCTS_DIR; };
		D3B293032C16102B00E28DCC /* About_MeUITests.swift */ = {isa = PBXFileReference; lastKnownFileType = sourcecode.swift; path = About_MeUITests.swift; sourceTree = "<group>"; };
		D3B293052C16102B00E28DCC /* About_MeUITestsLaunchTests.swift */ = {isa = PBXFileReference; lastKnownFileType = sourcecode.swift; path = About_MeUITestsLaunchTests.swift; sourceTree = "<group>"; };
		D3B293122C16106800E28DCC /* README.md */ = {isa = PBXFileReference; lastKnownFileType = net.daringfireball.markdown; path = README.md; sourceTree = "<group>"; };
/* End PBXFileReference section */

/* Begin PBXFrameworksBuildPhase section */
		D3B292E22C16102A00E28DCC /* Frameworks */ = {
			isa = PBXFrameworksBuildPhase;
			buildActionMask = 2147483647;
			files = (
			);
			runOnlyForDeploymentPostprocessing = 0;
		};
		D3B292F22C16102B00E28DCC /* Frameworks */ = {
			isa = PBXFrameworksBuildPhase;
			buildActionMask = 2147483647;
			files = (
			);
			runOnlyForDeploymentPostprocessing = 0;
		};
		D3B292FC2C16102B00E28DCC /* Frameworks */ = {
			isa = PBXFrameworksBuildPhase;
			buildActionMask = 2147483647;
			files = (
			);
			runOnlyForDeploymentPostprocessing = 0;
		};
/* End PBXFrameworksBuildPhase section */

/* Begin PBXGroup section */
		D3B292DC2C16102A00E28DCC = {
			isa = PBXGroup;
			children = (
				D3B293122C16106800E28DCC /* README.md */,
				D3B292E72C16102A00E28DCC /* About Me */,
				D3B292F82C16102B00E28DCC /* About MeTests */,
				D3B293022C16102B00E28DCC /* About MeUITests */,
				D3B292E62C16102A00E28DCC /* Products */,
			);
			sourceTree = "<group>";
		};
		D3B292E62C16102A00E28DCC /* Products */ = {
			isa = PBXGroup;
			children = (
				D3B292E52C16102A00E28DCC /* About Me.app */,
				D3B292F52C16102B00E28DCC /* About MeTests.xctest */,
				D3B292FF2C16102B00E28DCC /* About MeUITests.xctest */,
			);
			name = Products;
			sourceTree = "<group>";
		};
		D3B292E72C16102A00E28DCC /* About Me */ = {
			isa = PBXGroup;
			children = (
				D3B292E82C16102A00E28DCC /* About_MeApp.swift */,
				D3B292EA2C16102A00E28DCC /* ContentView.swift */,
				D3063B542C174B6000DD1623 /* Data.swift */,
				D3063B4C2C174AB000DD1623 /* HomeView.swift */,
				D3063B522C174B2200DD1623 /* FunFactsView.swift */,
				D3063B502C174AF500DD1623 /* FavoritesView.swift */,
				D3063B4E2C174AC100DD1623 /* StoryView.swift */,
				D3B292EC2C16102B00E28DCC /* Assets.xcassets */,
				D3B292EE2C16102B00E28DCC /* Preview Content */,
			);
			path = "About Me";
			sourceTree = "<group>";
		};
		D3B292EE2C16102B00E28DCC /* Preview Content */ = {
			isa = PBXGroup;
			children = (
				D3B292EF2C16102B00E28DCC /* Preview Assets.xcassets */,
			);
			path = "Preview Content";
			sourceTree = "<group>";
		};
		D3B292F82C16102B00E28DCC /* About MeTests */ = {
			isa = PBXGroup;
			children = (
				D3B292F92C16102B00E28DCC /* About_MeTests.swift */,
			);
			path = "About MeTests";
			sourceTree = "<group>";
		};
		D3B293022C16102B00E28DCC /* About MeUITests */ = {
			isa = PBXGroup;
			children = (
				D3B293032C16102B00E28DCC /* About_MeUITests.swift */,
				D3B293052C16102B00E28DCC /* About_MeUITestsLaunchTests.swift */,
			);
			path = "About MeUITests";
			sourceTree = "<group>";
		};
/* End PBXGroup section */

/* Begin PBXNativeTarget section */
		D3B292E42C16102A00E28DCC /* About Me */ = {
			isa = PBXNativeTarget;
			buildConfigurationList = D3B293092C16102B00E28DCC /* Build configuration list for PBXNativeTarget "About Me" */;
			buildPhases = (
				D3B292E12C16102A00E28DCC /* Sources */,
				D3B292E22C16102A00E28DCC /* Frameworks */,
				D3B292E32C16102A00E28DCC /* Resources */,
			);
			buildRules = (
			);
			dependencies = (
			);
			name = "About Me";
			productName = "About Me";
			productReference = D3B292E52C16102A00E28DCC /* About Me.app */;
			productType = "com.apple.product-type.application";
		};
		D3B292F42C16102B00E28DCC /* About MeTests */ = {
			isa = PBXNativeTarget;
			buildConfigurationList = D3B2930C2C16102B00E28DCC /* Build configuration list for PBXNativeTarget "About MeTests" */;
			buildPhases = (
				D3B292F12C16102B00E28DCC /* Sources */,
				D3B292F22C16102B00E28DCC /* Frameworks */,
				D3B292F32C16102B00E28DCC /* Resources */,
			);
			buildRules = (
			);
			dependencies = (
				D3B292F72C16102B00E28DCC /* PBXTargetDependency */,
			);
			name = "About MeTests";
			productName = "About MeTests";
			productReference = D3B292F52C16102B00E28DCC /* About MeTests.xctest */;
			productType = "com.apple.product-type.bundle.unit-test";
		};
		D3B292FE2C16102B00E28DCC /* About MeUITests */ = {
			isa = PBXNativeTarget;
			buildConfigurationList = D3B2930F2C16102B00E28DCC /* Build configuration list for PBXNativeTarget "About MeUITests" */;
			buildPhases = (
				D3B292FB2C16102B00E28DCC /* Sources */,
				D3B292FC2C16102B00E28DCC /* Frameworks */,
				D3B292FD2C16102B00E28DCC /* Resources */,
			);
			buildRules = (
			);
			dependencies = (
				D3B293012C16102B00E28DCC /* PBXTargetDependency */,
			);
			name = "About MeUITests";
			productName = "About MeUITests";
			productReference = D3B292FF2C16102B00E28DCC /* About MeUITests.xctest */;
			productType = "com.apple.product-type.bundle.ui-testing";
		};
/* End PBXNativeTarget section */

/* Begin PBXProject section */
		D3B292DD2C16102A00E28DCC /* Project object */ = {
			isa = PBXProject;
			attributes = {
				BuildIndependentTargetsInParallel = 1;
				LastSwiftUpdateCheck = 1520;
				LastUpgradeCheck = 1520;
				TargetAttributes = {
					D3B292E42C16102A00E28DCC = {
						CreatedOnToolsVersion = 15.2;
					};
					D3B292F42C16102B00E28DCC = {
						CreatedOnToolsVersion = 15.2;
						TestTargetID = D3B292E42C16102A00E28DCC;
					};
					D3B292FE2C16102B00E28DCC = {
						CreatedOnToolsVersion = 15.2;
						TestTargetID = D3B292E42C16102A00E28DCC;
					};
				};
			};
			buildConfigurationList = D3B292E02C16102A00E28DCC /* Build configuration list for PBXProject "About Me" */;
			compatibilityVersion = "Xcode 14.0";
			developmentRegion = en;
			hasScannedForEncodings = 0;
			knownRegions = (
				en,
				Base,
			);
			mainGroup = D3B292DC2C16102A00E28DCC;
			productRefGroup = D3B292E62C16102A00E28DCC /* Products */;
			projectDirPath = "";
			projectRoot = "";
			targets = (
				D3B292E42C16102A00E28DCC /* About Me */,
				D3B292F42C16102B00E28DCC /* About MeTests */,
				D3B292FE2C16102B00E28DCC /* About MeUITests */,
			);
		};
/* End PBXProject section */

/* Begin PBXResourcesBuildPhase section */
		D3B292E32C16102A00E28DCC /* Resources */ = {
			isa = PBXResourcesBuildPhase;
			buildActionMask = 2147483647;
			files = (
				D3B292F02C16102B00E28DCC /* Preview Assets.xcassets in Resources */,
				D3B292ED2C16102B00E28DCC /* Assets.xcassets in Resources */,
			);
			runOnlyForDeploymentPostprocessing = 0;
		};
		D3B292F32C16102B00E28DCC /* Resources */ = {
			isa = PBXResourcesBuildPhase;
			buildActionMask = 2147483647;
			files = (
			);
			runOnlyForDeploymentPostprocessing = 0;
		};
		D3B292FD2C16102B00E28DCC /* Resources */ = {
			isa = PBXResourcesBuildPhase;
			buildActionMask = 2147483647;
			files = (
			);
			runOnlyForDeploymentPostprocessing = 0;
		};
/* End PBXResourcesBuildPhase section */

/* Begin PBXSourcesBuildPhase section */
		D3B292E12C16102A00E28DCC /* Sources */ = {
			isa = PBXSourcesBuildPhase;
			buildActionMask = 2147483647;
			files = (
				D3063B552C174B6000DD1623 /* Data.swift in Sources */,
				D3063B512C174AF500DD1623 /* FavoritesView.swift in Sources */,
				D3063B4D2C174AB000DD1623 /* HomeView.swift in Sources */,
				D3063B532C174B2200DD1623 /* FunFactsView.swift in Sources */,
				D3B292EB2C16102A00E28DCC /* ContentView.swift in Sources */,
				D3063B4F2C174AC100DD1623 /* StoryView.swift in Sources */,
				D3B292E92C16102A00E28DCC /* About_MeApp.swift in Sources */,
			);
			runOnlyForDeploymentPostprocessing = 0;
		};
		D3B292F12C16102B00E28DCC /* Sources */ = {
			isa = PBXSourcesBuildPhase;
			buildActionMask = 2147483647;
			files = (
				D3B292FA2C16102B00E28DCC /* About_MeTests.swift in Sources */,
			);
			runOnlyForDeploymentPostprocessing = 0;
		};
		D3B292FB2C16102B00E28DCC /* Sources */ = {
			isa = PBXSourcesBuildPhase;
			buildActionMask = 2147483647;
			files = (
				D3B293062C16102B00E28DCC /* About_MeUITestsLaunchTests.swift in Sources */,
				D3B293042C16102B00E28DCC /* About_MeUITests.swift in Sources */,
			);
			runOnlyForDeploymentPostprocessing = 0;
		};
/* End PBXSourcesBuildPhase section */

/* Begin PBXTargetDependency section */
		D3B292F72C16102B00E28DCC /* PBXTargetDependency */ = {
			isa = PBXTargetDependency;
			target = D3B292E42C16102A00E28DCC /* About Me */;
			targetProxy = D3B292F62C16102B00E28DCC /* PBXContainerItemProxy */;
		};
		D3B293012C16102B00E28DCC /* PBXTargetDependency */ = {
			isa = PBXTargetDependency;
			target = D3B292E42C16102A00E28DCC /* About Me */;
			targetProxy = D3B293002C16102B00E28DCC /* PBXContainerItemProxy */;
		};
/* End PBXTargetDependency section */

/* Begin XCBuildConfiguration section */
		D3B293072C16102B00E28DCC /* Debug */ = {
			isa = XCBuildConfiguration;
			buildSettings = {
				ALWAYS_SEARCH_USER_PATHS = NO;
				ASSETCATALOG_COMPILER_GENERATE_SWIFT_ASSET_SYMBOL_EXTENSIONS = YES;
				CLANG_ANALYZER_NONNULL = YES;
				CLANG_ANALYZER_NUMBER_OBJECT_CONVERSION = YES_AGGRESSIVE;
				CLANG_CXX_LANGUAGE_STANDARD = "gnu++20";
				CLANG_ENABLE_MODULES = YES;
				CLANG_ENABLE_OBJC_ARC = YES;
				CLANG_ENABLE_OBJC_WEAK = YES;
				CLANG_WARN_BLOCK_CAPTURE_AUTORELEASING = YES;
				CLANG_WARN_BOOL_CONVERSION = YES;
				CLANG_WARN_COMMA = YES;
				CLANG_WARN_CONSTANT_CONVERSION = YES;
				CLANG_WARN_DEPRECATED_OBJC_IMPLEMENTATIONS = YES;
				CLANG_WARN_DIRECT_OBJC_ISA_USAGE = YES_ERROR;
				CLANG_WARN_DOCUMENTATION_COMMENTS = YES;
				CLANG_WARN_EMPTY_BODY = YES;
				CLANG_WARN_ENUM_CONVERSION = YES;
				CLANG_WARN_INFINITE_RECURSION = YES;
				CLANG_WARN_INT_CONVERSION = YES;
				CLANG_WARN_NON_LITERAL_NULL_CONVERSION = YES;
				CLANG_WARN_OBJC_IMPLICIT_RETAIN_SELF = YES;
				CLANG_WARN_OBJC_LITERAL_CONVERSION = YES;
				CLANG_WARN_OBJC_ROOT_CLASS = YES_ERROR;
				CLANG_WARN_QUOTED_INCLUDE_IN_FRAMEWORK_HEADER = YES;
				CLANG_WARN_RANGE_LOOP_ANALYSIS = YES;
				CLANG_WARN_STRICT_PROTOTYPES = YES;
				CLANG_WARN_SUSPICIOUS_MOVE = YES;
				CLANG_WARN_UNGUARDED_AVAILABILITY = YES_AGGRESSIVE;
				CLANG_WARN_UNREACHABLE_CODE = YES;
				CLANG_WARN__DUPLICATE_METHOD_MATCH = YES;
				COPY_PHASE_STRIP = NO;
				DEBUG_INFORMATION_FORMAT = dwarf;
				ENABLE_STRICT_OBJC_MSGSEND = YES;
				ENABLE_TESTABILITY = YES;
				ENABLE_USER_SCRIPT_SANDBOXING = YES;
				GCC_C_LANGUAGE_STANDARD = gnu17;
				GCC_DYNAMIC_NO_PIC = NO;
				GCC_NO_COMMON_BLOCKS = YES;
				GCC_OPTIMIZATION_LEVEL = 0;
				GCC_PREPROCESSOR_DEFINITIONS = (
					"DEBUG=1",
					"$(inherited)",
				);
				GCC_WARN_64_TO_32_BIT_CONVERSION = YES;
				GCC_WARN_ABOUT_RETURN_TYPE = YES_ERROR;
				GCC_WARN_UNDECLARED_SELECTOR = YES;
				GCC_WARN_UNINITIALIZED_AUTOS = YES_AGGRESSIVE;
				GCC_WARN_UNUSED_FUNCTION = YES;
				GCC_WARN_UNUSED_VARIABLE = YES;
				IPHONEOS_DEPLOYMENT_TARGET = 17.2;
				LOCALIZATION_PREFERS_STRING_CATALOGS = YES;
				MTL_ENABLE_DEBUG_INFO = INCLUDE_SOURCE;
				MTL_FAST_MATH = YES;
				ONLY_ACTIVE_ARCH = YES;
				SDKROOT = iphoneos;
				SWIFT_ACTIVE_COMPILATION_CONDITIONS = "DEBUG $(inherited)";
				SWIFT_OPTIMIZATION_LEVEL = "-Onone";
			};
			name = Debug;
		};
		D3B293082C16102B00E28DCC /* Release */ = {
			isa = XCBuildConfiguration;
			buildSettings = {
				ALWAYS_SEARCH_USER_PATHS = NO;
				ASSETCATALOG_COMPILER_GENERATE_SWIFT_ASSET_SYMBOL_EXTENSIONS = YES;
				CLANG_ANALYZER_NONNULL = YES;
				CLANG_ANALYZER_NUMBER_OBJECT_CONVERSION = YES_AGGRESSIVE;
				CLANG_CXX_LANGUAGE_STANDARD = "gnu++20";
				CLANG_ENABLE_MODULES = YES;
				CLANG_ENABLE_OBJC_ARC = YES;
				CLANG_ENABLE_OBJC_WEAK = YES;
				CLANG_WARN_BLOCK_CAPTURE_AUTORELEASING = YES;
				CLANG_WARN_BOOL_CONVERSION = YES;
				CLANG_WARN_COMMA = YES;
				CLANG_WARN_CONSTANT_CONVERSION = YES;
				CLANG_WARN_DEPRECATED_OBJC_IMPLEMENTATIONS = YES;
				CLANG_WARN_DIRECT_OBJC_ISA_USAGE = YES_ERROR;
				CLANG_WARN_DOCUMENTATION_COMMENTS = YES;
				CLANG_WARN_EMPTY_BODY = YES;
				CLANG_WARN_ENUM_CONVERSION = YES;
				CLANG_WARN_INFINITE_RECURSION = YES;
				CLANG_WARN_INT_CONVERSION = YES;
				CLANG_WARN_NON_LITERAL_NULL_CONVERSION = YES;
				CLANG_WARN_OBJC_IMPLICIT_RETAIN_SELF = YES;
				CLANG_WARN_OBJC_LITERAL_CONVERSION = YES;
				CLANG_WARN_OBJC_ROOT_CLASS = YES_ERROR;
				CLANG_WARN_QUOTED_INCLUDE_IN_FRAMEWORK_HEADER = YES;
				CLANG_WARN_RANGE_LOOP_ANALYSIS = YES;
				CLANG_WARN_STRICT_PROTOTYPES = YES;
				CLANG_WARN_SUSPICIOUS_MOVE = YES;
				CLANG_WARN_UNGUARDED_AVAILABILITY = YES_AGGRESSIVE;
				CLANG_WARN_UNREACHABLE_CODE = YES;
				CLANG_WARN__DUPLICATE_METHOD_MATCH = YES;
				COPY_PHASE_STRIP = NO;
				DEBUG_INFORMATION_FORMAT = "dwarf-with-dsym";
				ENABLE_NS_ASSERTIONS = NO;
				ENABLE_STRICT_OBJC_MSGSEND = YES;
				ENABLE_USER_SCRIPT_SANDBOXING = YES;
				GCC_C_LANGUAGE_STANDARD = gnu17;
				GCC_NO_COMMON_BLOCKS = YES;
				GCC_WARN_64_TO_32_BIT_CONVERSION = YES;
				GCC_WARN_ABOUT_RETURN_TYPE = YES_ERROR;
				GCC_WARN_UNDECLARED_SELECTOR = YES;
				GCC_WARN_UNINITIALIZED_AUTOS = YES_AGGRESSIVE;
				GCC_WARN_UNUSED_FUNCTION = YES;
				GCC_WARN_UNUSED_VARIABLE = YES;
				IPHONEOS_DEPLOYMENT_TARGET = 17.2;
				LOCALIZATION_PREFERS_STRING_CATALOGS = YES;
				MTL_ENABLE_DEBUG_INFO = NO;
				MTL_FAST_MATH = YES;
				SDKROOT = iphoneos;
				SWIFT_COMPILATION_MODE = wholemodule;
				VALIDATE_PRODUCT = YES;
			};
			name = Release;
		};
		D3B2930A2C16102B00E28DCC /* Debug */ = {
			isa = XCBuildConfiguration;
			buildSettings = {
				ASSETCATALOG_COMPILER_APPICON_NAME = AppIcon;
				ASSETCATALOG_COMPILER_GLOBAL_ACCENT_COLOR_NAME = AccentColor;
				CODE_SIGN_STYLE = Automatic;
				CURRENT_PROJECT_VERSION = 1;
				DEVELOPMENT_ASSET_PATHS = "\"About Me/Preview Content\"";
				DEVELOPMENT_TEAM = 7NJ9W73ML8;
				ENABLE_PREVIEWS = YES;
				GENERATE_INFOPLIST_FILE = YES;
				INFOPLIST_KEY_UIApplicationSceneManifest_Generation = YES;
				INFOPLIST_KEY_UIApplicationSupportsIndirectInputEvents = YES;
				INFOPLIST_KEY_UILaunchScreen_Generation = YES;
				INFOPLIST_KEY_UISupportedInterfaceOrientations_iPad = "UIInterfaceOrientationPortrait UIInterfaceOrientationPortraitUpsideDown UIInterfaceOrientationLandscapeLeft UIInterfaceOrientationLandscapeRight";
				INFOPLIST_KEY_UISupportedInterfaceOrientations_iPhone = "UIInterfaceOrientationPortrait UIInterfaceOrientationLandscapeLeft UIInterfaceOrientationLandscapeRight";
				LD_RUNPATH_SEARCH_PATHS = (
					"$(inherited)",
					"@executable_path/Frameworks",
				);
				MARKETING_VERSION = 1.0;
				PRODUCT_BUNDLE_IDENTIFIER = "daweihao.About-Me";
				PRODUCT_NAME = "$(TARGET_NAME)";
				SWIFT_EMIT_LOC_STRINGS = YES;
				SWIFT_VERSION = 5.0;
				TARGETED_DEVICE_FAMILY = "1,2";
			};
			name = Debug;
		};
		D3B2930B2C16102B00E28DCC /* Release */ = {
			isa = XCBuildConfiguration;
			buildSettings = {
				ASSETCATALOG_COMPILER_APPICON_NAME = AppIcon;
				ASSETCATALOG_COMPILER_GLOBAL_ACCENT_COLOR_NAME = AccentColor;
				CODE_SIGN_STYLE = Automatic;
				CURRENT_PROJECT_VERSION = 1;
				DEVELOPMENT_ASSET_PATHS = "\"About Me/Preview Content\"";
				DEVELOPMENT_TEAM = 7NJ9W73ML8;
				ENABLE_PREVIEWS = YES;
				GENERATE_INFOPLIST_FILE = YES;
				INFOPLIST_KEY_UIApplicationSceneManifest_Generation = YES;
				INFOPLIST_KEY_UIApplicationSupportsIndirectInputEvents = YES;
				INFOPLIST_KEY_UILaunchScreen_Generation = YES;
				INFOPLIST_KEY_UISupportedInterfaceOrientations_iPad = "UIInterfaceOrientationPortrait UIInterfaceOrientationPortraitUpsideDown UIInterfaceOrientationLandscapeLeft UIInterfaceOrientationLandscapeRight";
				INFOPLIST_KEY_UISupportedInterfaceOrientations_iPhone = "UIInterfaceOrientationPortrait UIInterfaceOrientationLandscapeLeft UIInterfaceOrientationLandscapeRight";
				LD_RUNPATH_SEARCH_PATHS = (
					"$(inherited)",
					"@executable_path/Frameworks",
				);
				MARKETING_VERSION = 1.0;
				PRODUCT_BUNDLE_IDENTIFIER = "daweihao.About-Me";
				PRODUCT_NAME = "$(TARGET_NAME)";
				SWIFT_EMIT_LOC_STRINGS = YES;
				SWIFT_VERSION = 5.0;
				TARGETED_DEVICE_FAMILY = "1,2";
			};
			name = Release;
		};
		D3B2930D2C16102B00E28DCC /* Debug */ = {
			isa = XCBuildConfiguration;
			buildSettings = {
				ALWAYS_EMBED_SWIFT_STANDARD_LIBRARIES = YES;
				BUNDLE_LOADER = "$(TEST_HOST)";
				CODE_SIGN_STYLE = Automatic;
				CURRENT_PROJECT_VERSION = 1;
				DEVELOPMENT_TEAM = 7NJ9W73ML8;
				GENERATE_INFOPLIST_FILE = YES;
				IPHONEOS_DEPLOYMENT_TARGET = 17.2;
				MARKETING_VERSION = 1.0;
				PRODUCT_BUNDLE_IDENTIFIER = "daweihao.About-MeTests";
				PRODUCT_NAME = "$(TARGET_NAME)";
				SWIFT_EMIT_LOC_STRINGS = NO;
				SWIFT_VERSION = 5.0;
				TARGETED_DEVICE_FAMILY = "1,2";
				TEST_HOST = "$(BUILT_PRODUCTS_DIR)/About Me.app/$(BUNDLE_EXECUTABLE_FOLDER_PATH)/About Me";
			};
			name = Debug;
		};
		D3B2930E2C16102B00E28DCC /* Release */ = {
			isa = XCBuildConfiguration;
			buildSettings = {
				ALWAYS_EMBED_SWIFT_STANDARD_LIBRARIES = YES;
				BUNDLE_LOADER = "$(TEST_HOST)";
				CODE_SIGN_STYLE = Automatic;
				CURRENT_PROJECT_VERSION = 1;
				DEVELOPMENT_TEAM = 7NJ9W73ML8;
				GENERATE_INFOPLIST_FILE = YES;
				IPHONEOS_DEPLOYMENT_TARGET = 17.2;
				MARKETING_VERSION = 1.0;
				PRODUCT_BUNDLE_IDENTIFIER = "daweihao.About-MeTests";
				PRODUCT_NAME = "$(TARGET_NAME)";
				SWIFT_EMIT_LOC_STRINGS = NO;
				SWIFT_VERSION = 5.0;
				TARGETED_DEVICE_FAMILY = "1,2";
				TEST_HOST = "$(BUILT_PRODUCTS_DIR)/About Me.app/$(BUNDLE_EXECUTABLE_FOLDER_PATH)/About Me";
			};
			name = Release;
		};
		D3B293102C16102B00E28DCC /* Debug */ = {
			isa = XCBuildConfiguration;
			buildSettings = {
				ALWAYS_EMBED_SWIFT_STANDARD_LIBRARIES = YES;
				CODE_SIGN_STYLE = Automatic;
				CURRENT_PROJECT_VERSION = 1;
				DEVELOPMENT_TEAM = 7NJ9W73ML8;
				GENERATE_INFOPLIST_FILE = YES;
				MARKETING_VERSION = 1.0;
				PRODUCT_BUNDLE_IDENTIFIER = "daweihao.About-MeUITests";
				PRODUCT_NAME = "$(TARGET_NAME)";
				SWIFT_EMIT_LOC_STRINGS = NO;
				SWIFT_VERSION = 5.0;
				TARGETED_DEVICE_FAMILY = "1,2";
				TEST_TARGET_NAME = "About Me";
			};
			name = Debug;
		};
		D3B293112C16102B00E28DCC /* Release */ = {
			isa = XCBuildConfiguration;
			buildSettings = {
				ALWAYS_EMBED_SWIFT_STANDARD_LIBRARIES = YES;
				CODE_SIGN_STYLE = Automatic;
				CURRENT_PROJECT_VERSION = 1;
				DEVELOPMENT_TEAM = 7NJ9W73ML8;
				GENERATE_INFOPLIST_FILE = YES;
				MARKETING_VERSION = 1.0;
				PRODUCT_BUNDLE_IDENTIFIER = "daweihao.About-MeUITests";
				PRODUCT_NAME = "$(TARGET_NAME)";
				SWIFT_EMIT_LOC_STRINGS = NO;
				SWIFT_VERSION = 5.0;
				TARGETED_DEVICE_FAMILY = "1,2";
				TEST_TARGET_NAME = "About Me";
			};
			name = Release;
		};
/* End XCBuildConfiguration section */

/* Begin XCConfigurationList section */
		D3B292E02C16102A00E28DCC /* Build configuration list for PBXProject "About Me" */ = {
			isa = XCConfigurationList;
			buildConfigurations = (
				D3B293072C16102B00E28DCC /* Debug */,
				D3B293082C16102B00E28DCC /* Release */,
			);
			defaultConfigurationIsVisible = 0;
			defaultConfigurationName = Release;
		};
		D3B293092C16102B00E28DCC /* Build configuration list for PBXNativeTarget "About Me" */ = {
			isa = XCConfigurationList;
			buildConfigurations = (
				D3B2930A2C16102B00E28DCC /* Debug */,
				D3B2930B2C16102B00E28DCC /* Release */,
			);
			defaultConfigurationIsVisible = 0;
			defaultConfigurationName = Release;
		};
		D3B2930C2C16102B00E28DCC /* Build configuration list for PBXNativeTarget "About MeTests" */ = {
			isa = XCConfigurationList;
			buildConfigurations = (
				D3B2930D2C16102B00E28DCC /* Debug */,
				D3B2930E2C16102B00E28DCC /* Release */,
			);
			defaultConfigurationIsVisible = 0;
			defaultConfigurationName = Release;
		};
		D3B2930F2C16102B00E28DCC /* Build configuration list for PBXNativeTarget "About MeUITests" */ = {
			isa = XCConfigurationList;
			buildConfigurations = (
				D3B293102C16102B00E28DCC /* Debug */,
				D3B293112C16102B00E28DCC /* Release */,
			);
			defaultConfigurationIsVisible = 0;
			defaultConfigurationName = Release;
		};
/* End XCConfigurationList section */
	};
	rootObject = D3B292DD2C16102A00E28DCC /* Project object */;
}
